// !$*UTF8*$!
{
	archiveVersion = 1;
	classes = {
	};
	objectVersion = 50;
	objects = {

/* Begin PBXBuildFile section */
		6A2C8F2A24E7664200D785E0 /* GalleryTableViewController.swift in Sources */ = {isa = PBXBuildFile; fileRef = 6A2C8F2924E7664200D785E0 /* GalleryTableViewController.swift */; };
		6A2C8F2C24E76BAE00D785E0 /* ImageCollection.swift in Sources */ = {isa = PBXBuildFile; fileRef = 6A2C8F2B24E76BAE00D785E0 /* ImageCollection.swift */; };
		6A2C8F3024E8CACB00D785E0 /* GalleryTitleCell.swift in Sources */ = {isa = PBXBuildFile; fileRef = 6A2C8F2F24E8CACB00D785E0 /* GalleryTitleCell.swift */; };
		6AAC409C24DF67C200C9B59D /* AppDelegate.swift in Sources */ = {isa = PBXBuildFile; fileRef = 6AAC409B24DF67C200C9B59D /* AppDelegate.swift */; };
		6AAC409E24DF67C200C9B59D /* SceneDelegate.swift in Sources */ = {isa = PBXBuildFile; fileRef = 6AAC409D24DF67C200C9B59D /* SceneDelegate.swift */; };
		6AAC40A324DF67C200C9B59D /* Main.storyboard in Resources */ = {isa = PBXBuildFile; fileRef = 6AAC40A124DF67C200C9B59D /* Main.storyboard */; };
		6AAC40A524DF67C200C9B59D /* Assets.xcassets in Resources */ = {isa = PBXBuildFile; fileRef = 6AAC40A424DF67C200C9B59D /* Assets.xcassets */; };
		6AAC40A824DF67C200C9B59D /* LaunchScreen.storyboard in Resources */ = {isa = PBXBuildFile; fileRef = 6AAC40A624DF67C200C9B59D /* LaunchScreen.storyboard */; };
		6AAC40B124DF9CD300C9B59D /* Utilities.swift in Sources */ = {isa = PBXBuildFile; fileRef = 6AAC40B024DF9CD300C9B59D /* Utilities.swift */; };
		6AAC40B324DF9E5D00C9B59D /* ImageGalleryViewController.swift in Sources */ = {isa = PBXBuildFile; fileRef = 6AAC40B224DF9E5D00C9B59D /* ImageGalleryViewController.swift */; };
		6AAC40B524E2309000C9B59D /* ImageCollectionViewCell.swift in Sources */ = {isa = PBXBuildFile; fileRef = 6AAC40B424E2309000C9B59D /* ImageCollectionViewCell.swift */; };
		6AAC40B724E3624600C9B59D /* ImageInfoModel.swift in Sources */ = {isa = PBXBuildFile; fileRef = 6AAC40B624E3624600C9B59D /* ImageInfoModel.swift */; };
		6ADFA10024E3C9FF009CAC6E /* ImageFullViewController.swift in Sources */ = {isa = PBXBuildFile; fileRef = 6ADFA0FF24E3C9FF009CAC6E /* ImageFullViewController.swift */; };
/* End PBXBuildFile section */

/* Begin PBXFileReference section */
		6A2C8F2924E7664200D785E0 /* GalleryTableViewController.swift */ = {isa = PBXFileReference; lastKnownFileType = sourcecode.swift; path = GalleryTableViewController.swift; sourceTree = "<group>"; };
		6A2C8F2B24E76BAE00D785E0 /* ImageCollection.swift */ = {isa = PBXFileReference; lastKnownFileType = sourcecode.swift; path = ImageCollection.swift; sourceTree = "<group>"; };
		6A2C8F2F24E8CACB00D785E0 /* GalleryTitleCell.swift */ = {isa = PBXFileReference; lastKnownFileType = sourcecode.swift; path = GalleryTitleCell.swift; sourceTree = "<group>"; };
		6AAC409824DF67C200C9B59D /* ImageGallery.app */ = {isa = PBXFileReference; explicitFileType = wrapper.application; includeInIndex = 0; path = ImageGallery.app; sourceTree = BUILT_PRODUCTS_DIR; };
		6AAC409B24DF67C200C9B59D /* AppDelegate.swift */ = {isa = PBXFileReference; lastKnownFileType = sourcecode.swift; path = AppDelegate.swift; sourceTree = "<group>"; };
		6AAC409D24DF67C200C9B59D /* SceneDelegate.swift */ = {isa = PBXFileReference; lastKnownFileType = sourcecode.swift; path = SceneDelegate.swift; sourceTree = "<group>"; };
		6AAC40A224DF67C200C9B59D /* Base */ = {isa = PBXFileReference; lastKnownFileType = file.storyboard; name = Base; path = Base.lproj/Main.storyboard; sourceTree = "<group>"; };
		6AAC40A424DF67C200C9B59D /* Assets.xcassets */ = {isa = PBXFileReference; lastKnownFileType = folder.assetcatalog; path = Assets.xcassets; sourceTree = "<group>"; };
		6AAC40A724DF67C200C9B59D /* Base */ = {isa = PBXFileReference; lastKnownFileType = file.storyboard; name = Base; path = Base.lproj/LaunchScreen.storyboard; sourceTree = "<group>"; };
		6AAC40A924DF67C200C9B59D /* Info.plist */ = {isa = PBXFileReference; lastKnownFileType = text.plist.xml; path = Info.plist; sourceTree = "<group>"; };
		6AAC40B024DF9CD300C9B59D /* Utilities.swift */ = {isa = PBXFileReference; lastKnownFileType = sourcecode.swift; path = Utilities.swift; sourceTree = "<group>"; };
		6AAC40B224DF9E5D00C9B59D /* ImageGalleryViewController.swift */ = {isa = PBXFileReference; lastKnownFileType = sourcecode.swift; path = ImageGalleryViewController.swift; sourceTree = "<group>"; };
		6AAC40B424E2309000C9B59D /* ImageCollectionViewCell.swift */ = {isa = PBXFileReference; lastKnownFileType = sourcecode.swift; path = ImageCollectionViewCell.swift; sourceTree = "<group>"; };
		6AAC40B624E3624600C9B59D /* ImageInfoModel.swift */ = {isa = PBXFileReference; lastKnownFileType = sourcecode.swift; path = ImageInfoModel.swift; sourceTree = "<group>"; };
		6ADFA0FF24E3C9FF009CAC6E /* ImageFullViewController.swift */ = {isa = PBXFileReference; lastKnownFileType = sourcecode.swift; path = ImageFullViewController.swift; sourceTree = "<group>"; };
/* End PBXFileReference section */

/* Begin PBXFrameworksBuildPhase section */
		6AAC409524DF67C200C9B59D /* Frameworks */ = {
			isa = PBXFrameworksBuildPhase;
			buildActionMask = 2147483647;
			files = (
			);
			runOnlyForDeploymentPostprocessing = 0;
		};
/* End PBXFrameworksBuildPhase section */

/* Begin PBXGroup section */
		6AAC408F24DF67C200C9B59D = {
			isa = PBXGroup;
			children = (
				6AAC409A24DF67C200C9B59D /* ImageGallery */,
				6AAC409924DF67C200C9B59D /* Products */,
			);
			sourceTree = "<group>";
		};
		6AAC409924DF67C200C9B59D /* Products */ = {
			isa = PBXGroup;
			children = (
				6AAC409824DF67C200C9B59D /* ImageGallery.app */,
			);
			name = Products;
			sourceTree = "<group>";
		};
		6AAC409A24DF67C200C9B59D /* ImageGallery */ = {
			isa = PBXGroup;
			children = (
				6AAC40AF24DF686100C9B59D /* SupportingFiles */,
				6AAC40A124DF67C200C9B59D /* Main.storyboard */,
				6A2C8F2924E7664200D785E0 /* GalleryTableViewController.swift */,
				6A2C8F2F24E8CACB00D785E0 /* GalleryTitleCell.swift */,
				6A2C8F2B24E76BAE00D785E0 /* ImageCollection.swift */,
				6AAC40B024DF9CD300C9B59D /* Utilities.swift */,
				6AAC40B424E2309000C9B59D /* ImageCollectionViewCell.swift */,
				6AAC40B224DF9E5D00C9B59D /* ImageGalleryViewController.swift */,
				6AAC40B624E3624600C9B59D /* ImageInfoModel.swift */,
				6ADFA0FF24E3C9FF009CAC6E /* ImageFullViewController.swift */,
				6AAC40A924DF67C200C9B59D /* Info.plist */,
			);
			path = ImageGallery;
			sourceTree = "<group>";
		};
		6AAC40AF24DF686100C9B59D /* SupportingFiles */ = {
			isa = PBXGroup;
			children = (
				6AAC409B24DF67C200C9B59D /* AppDelegate.swift */,
				6AAC409D24DF67C200C9B59D /* SceneDelegate.swift */,
				6AAC40A424DF67C200C9B59D /* Assets.xcassets */,
				6AAC40A624DF67C200C9B59D /* LaunchScreen.storyboard */,
			);
			path = SupportingFiles;
			sourceTree = "<group>";
		};
/* End PBXGroup section */

/* Begin PBXNativeTarget section */
		6AAC409724DF67C200C9B59D /* ImageGallery */ = {
			isa = PBXNativeTarget;
			buildConfigurationList = 6AAC40AC24DF67C200C9B59D /* Build configuration list for PBXNativeTarget "ImageGallery" */;
			buildPhases = (
				6AAC409424DF67C200C9B59D /* Sources */,
				6AAC409524DF67C200C9B59D /* Frameworks */,
				6AAC409624DF67C200C9B59D /* Resources */,
			);
			buildRules = (
			);
			dependencies = (
			);
			name = ImageGallery;
			productName = ImageGallery;
			productReference = 6AAC409824DF67C200C9B59D /* ImageGallery.app */;
			productType = "com.apple.product-type.application";
		};
/* End PBXNativeTarget section */

/* Begin PBXProject section */
		6AAC409024DF67C200C9B59D /* Project object */ = {
			isa = PBXProject;
			attributes = {
				LastSwiftUpdateCheck = 1160;
				LastUpgradeCheck = 1160;
				ORGANIZATIONNAME = ValentinLagunes;
				TargetAttributes = {
					6AAC409724DF67C200C9B59D = {
						CreatedOnToolsVersion = 11.6;
					};
				};
			};
			buildConfigurationList = 6AAC409324DF67C200C9B59D /* Build configuration list for PBXProject "ImageGallery" */;
			compatibilityVersion = "Xcode 9.3";
			developmentRegion = en;
			hasScannedForEncodings = 0;
			knownRegions = (
				en,
				Base,
			);
			mainGroup = 6AAC408F24DF67C200C9B59D;
			productRefGroup = 6AAC409924DF67C200C9B59D /* Products */;
			projectDirPath = "";
			projectRoot = "";
			targets = (
				6AAC409724DF67C200C9B59D /* ImageGallery */,
			);
		};
/* End PBXProject section */

/* Begin PBXResourcesBuildPhase section */
		6AAC409624DF67C200C9B59D /* Resources */ = {
			isa = PBXResourcesBuildPhase;
			buildActionMask = 2147483647;
			files = (
				6AAC40A824DF67C200C9B59D /* LaunchScreen.storyboard in Resources */,
				6AAC40A524DF67C200C9B59D /* Assets.xcassets in Resources */,
				6AAC40A324DF67C200C9B59D /* Main.storyboard in Resources */,
			);
			runOnlyForDeploymentPostprocessing = 0;
		};
/* End PBXResourcesBuildPhase section */

/* Begin PBXSourcesBuildPhase section */
		6AAC409424DF67C200C9B59D /* Sources */ = {
			isa = PBXSourcesBuildPhase;
			buildActionMask = 2147483647;
			files = (
				6AAC409C24DF67C200C9B59D /* AppDelegate.swift in Sources */,
				6A2C8F2C24E76BAE00D785E0 /* ImageCollection.swift in Sources */,
				6AAC40B524E2309000C9B59D /* ImageCollectionViewCell.swift in Sources */,
				6AAC40B124DF9CD300C9B59D /* Utilities.swift in Sources */,
				6AAC40B724E3624600C9B59D /* ImageInfoModel.swift in Sources */,
				6A2C8F3024E8CACB00D785E0 /* GalleryTitleCell.swift in Sources */,
				6AAC40B324DF9E5D00C9B59D /* ImageGalleryViewController.swift in Sources */,
				6ADFA10024E3C9FF009CAC6E /* ImageFullViewController.swift in Sources */,
				6A2C8F2A24E7664200D785E0 /* GalleryTableViewController.swift in Sources */,
				6AAC409E24DF67C200C9B59D /* SceneDelegate.swift in Sources */,
			);
			runOnlyForDeploymentPostprocessing = 0;
		};
/* End PBXSourcesBuildPhase section */

/* Begin PBXVariantGroup section */
		6AAC40A124DF67C200C9B59D /* Main.storyboard */ = {
			isa = PBXVariantGroup;
			children = (
				6AAC40A224DF67C200C9B59D /* Base */,
			);
			name = Main.storyboard;
			sourceTree = "<group>";
		};
		6AAC40A624DF67C200C9B59D /* LaunchScreen.storyboard */ = {
			isa = PBXVariantGroup;
			children = (
				6AAC40A724DF67C200C9B59D /* Base */,
			);
			name = LaunchScreen.storyboard;
			sourceTree = "<group>";
		};
/* End PBXVariantGroup section */

/* Begin XCBuildConfiguration section */
		6AAC40AA24DF67C200C9B59D /* Debug */ = {
			isa = XCBuildConfiguration;
			buildSettings = {
				ALWAYS_SEARCH_USER_PATHS = NO;
				CLANG_ANALYZER_NONNULL = YES;
				CLANG_ANALYZER_NUMBER_OBJECT_CONVERSION = YES_AGGRESSIVE;
				CLANG_CXX_LANGUAGE_STANDARD = "gnu++14";
				CLANG_CXX_LIBRARY = "libc++";
				CLANG_ENABLE_MODULES = YES;
				CLANG_ENABLE_OBJC_ARC = YES;
				CLANG_ENABLE_OBJC_WEAK = YES;
				CLANG_WARN_BLOCK_CAPTURE_AUTORELEASING = YES;
				CLANG_WARN_BOOL_CONVERSION = YES;
				CLANG_WARN_COMMA = YES;
				CLANG_WARN_CONSTANT_CONVERSION = YES;
				CLANG_WARN_DEPRECATED_OBJC_IMPLEMENTATIONS = YES;
				CLANG_WARN_DIRECT_OBJC_ISA_USAGE = YES_ERROR;
				CLANG_WARN_DOCUMENTATION_COMMENTS = YES;
				CLANG_WARN_EMPTY_BODY = YES;
				CLANG_WARN_ENUM_CONVERSION = YES;
				CLANG_WARN_INFINITE_RECURSION = YES;
				CLANG_WARN_INT_CONVERSION = YES;
				CLANG_WARN_NON_LITERAL_NULL_CONVERSION = YES;
				CLANG_WARN_OBJC_IMPLICIT_RETAIN_SELF = YES;
				CLANG_WARN_OBJC_LITERAL_CONVERSION = YES;
				CLANG_WARN_OBJC_ROOT_CLASS = YES_ERROR;
				CLANG_WARN_RANGE_LOOP_ANALYSIS = YES;
				CLANG_WARN_STRICT_PROTOTYPES = YES;
				CLANG_WARN_SUSPICIOUS_MOVE = YES;
				CLANG_WARN_UNGUARDED_AVAILABILITY = YES_AGGRESSIVE;
				CLANG_WARN_UNREACHABLE_CODE = YES;
				CLANG_WARN__DUPLICATE_METHOD_MATCH = YES;
				COPY_PHASE_STRIP = NO;
				DEBUG_INFORMATION_FORMAT = dwarf;
				ENABLE_STRICT_OBJC_MSGSEND = YES;
				ENABLE_TESTABILITY = YES;
				GCC_C_LANGUAGE_STANDARD = gnu11;
				GCC_DYNAMIC_NO_PIC = NO;
				GCC_NO_COMMON_BLOCKS = YES;
				GCC_OPTIMIZATION_LEVEL = 0;
				GCC_PREPROCESSOR_DEFINITIONS = (
					"DEBUG=1",
					"$(inherited)",
				);
				GCC_WARN_64_TO_32_BIT_CONVERSION = YES;
				GCC_WARN_ABOUT_RETURN_TYPE = YES_ERROR;
				GCC_WARN_UNDECLARED_SELECTOR = YES;
				GCC_WARN_UNINITIALIZED_AUTOS = YES_AGGRESSIVE;
				GCC_WARN_UNUSED_FUNCTION = YES;
				GCC_WARN_UNUSED_VARIABLE = YES;
				IPHONEOS_DEPLOYMENT_TARGET = 13.6;
				MTL_ENABLE_DEBUG_INFO = INCLUDE_SOURCE;
				MTL_FAST_MATH = YES;
				ONLY_ACTIVE_ARCH = YES;
				SDKROOT = iphoneos;
				SWIFT_ACTIVE_COMPILATION_CONDITIONS = DEBUG;
				SWIFT_OPTIMIZATION_LEVEL = "-Onone";
			};
			name = Debug;
		};
		6AAC40AB24DF67C200C9B59D /* Release */ = {
			isa = XCBuildConfiguration;
			buildSettings = {
				ALWAYS_SEARCH_USER_PATHS = NO;
				CLANG_ANALYZER_NONNULL = YES;
				CLANG_ANALYZER_NUMBER_OBJECT_CONVERSION = YES_AGGRESSIVE;
				CLANG_CXX_LANGUAGE_STANDARD = "gnu++14";
				CLANG_CXX_LIBRARY = "libc++";
				CLANG_ENABLE_MODULES = YES;
				CLANG_ENABLE_OBJC_ARC = YES;
				CLANG_ENABLE_OBJC_WEAK = YES;
				CLANG_WARN_BLOCK_CAPTURE_AUTORELEASING = YES;
				CLANG_WARN_BOOL_CONVERSION = YES;
				CLANG_WARN_COMMA = YES;
				CLANG_WARN_CONSTANT_CONVERSION = YES;
				CLANG_WARN_DEPRECATED_OBJC_IMPLEMENTATIONS = YES;
				CLANG_WARN_DIRECT_OBJC_ISA_USAGE = YES_ERROR;
				CLANG_WARN_DOCUMENTATION_COMMENTS = YES;
				CLANG_WARN_EMPTY_BODY = YES;
				CLANG_WARN_ENUM_CONVERSION = YES;
				CLANG_WARN_INFINITE_RECURSION = YES;
				CLANG_WARN_INT_CONVERSION = YES;
				CLANG_WARN_NON_LITERAL_NULL_CONVERSION = YES;
				CLANG_WARN_OBJC_IMPLICIT_RETAIN_SELF = YES;
				CLANG_WARN_OBJC_LITERAL_CONVERSION = YES;
				CLANG_WARN_OBJC_ROOT_CLASS = YES_ERROR;
				CLANG_WARN_RANGE_LOOP_ANALYSIS = YES;
				CLANG_WARN_STRICT_PROTOTYPES = YES;
				CLANG_WARN_SUSPICIOUS_MOVE = YES;
				CLANG_WARN_UNGUARDED_AVAILABILITY = YES_AGGRESSIVE;
				CLANG_WARN_UNREACHABLE_CODE = YES;
				CLANG_WARN__DUPLICATE_METHOD_MATCH = YES;
				COPY_PHASE_STRIP = NO;
				DEBUG_INFORMATION_FORMAT = "dwarf-with-dsym";
				ENABLE_NS_ASSERTIONS = NO;
				ENABLE_STRICT_OBJC_MSGSEND = YES;
				GCC_C_LANGUAGE_STANDARD = gnu11;
				GCC_NO_COMMON_BLOCKS = YES;
				GCC_WARN_64_TO_32_BIT_CONVERSION = YES;
				GCC_WARN_ABOUT_RETURN_TYPE = YES_ERROR;
				GCC_WARN_UNDECLARED_SELECTOR = YES;
				GCC_WARN_UNINITIALIZED_AUTOS = YES_AGGRESSIVE;
				GCC_WARN_UNUSED_FUNCTION = YES;
				GCC_WARN_UNUSED_VARIABLE = YES;
				IPHONEOS_DEPLOYMENT_TARGET = 13.6;
				MTL_ENABLE_DEBUG_INFO = NO;
				MTL_FAST_MATH = YES;
				SDKROOT = iphoneos;
				SWIFT_COMPILATION_MODE = wholemodule;
				SWIFT_OPTIMIZATION_LEVEL = "-O";
				VALIDATE_PRODUCT = YES;
			};
			name = Release;
		};
		6AAC40AD24DF67C200C9B59D /* Debug */ = {
			isa = XCBuildConfiguration;
			buildSettings = {
				ASSETCATALOG_COMPILER_APPICON_NAME = AppIcon;
				CODE_SIGN_STYLE = Automatic;
				DEVELOPMENT_TEAM = V895YSB37Q;
				INFOPLIST_FILE = ImageGallery/Info.plist;
				LD_RUNPATH_SEARCH_PATHS = (
					"$(inherited)",
					"@executable_path/Frameworks",
				);
				PRODUCT_BUNDLE_IDENTIFIER = valentinlagunesGP.ImageGallery;
				PRODUCT_NAME = "$(TARGET_NAME)";
				SWIFT_VERSION = 5.0;
				TARGETED_DEVICE_FAMILY = "1,2";
			};
			name = Debug;
		};
		6AAC40AE24DF67C200C9B59D /* Release */ = {
			isa = XCBuildConfiguration;
			buildSettings = {
				ASSETCATALOG_COMPILER_APPICON_NAME = AppIcon;
				CODE_SIGN_STYLE = Automatic;
				DEVELOPMENT_TEAM = V895YSB37Q;
				INFOPLIST_FILE = ImageGallery/Info.plist;
				LD_RUNPATH_SEARCH_PATHS = (
					"$(inherited)",
					"@executable_path/Frameworks",
				);
				PRODUCT_BUNDLE_IDENTIFIER = valentinlagunesGP.ImageGallery;
				PRODUCT_NAME = "$(TARGET_NAME)";
				SWIFT_VERSION = 5.0;
				TARGETED_DEVICE_FAMILY = "1,2";
			};
			name = Release;
		};
/* End XCBuildConfiguration section */

/* Begin XCConfigurationList section */
		6AAC409324DF67C200C9B59D /* Build configuration list for PBXProject "ImageGallery" */ = {
			isa = XCConfigurationList;
			buildConfigurations = (
				6AAC40AA24DF67C200C9B59D /* Debug */,
				6AAC40AB24DF67C200C9B59D /* Release */,
			);
			defaultConfigurationIsVisible = 0;
			defaultConfigurationName = Release;
		};
		6AAC40AC24DF67C200C9B59D /* Build configuration list for PBXNativeTarget "ImageGallery" */ = {
			isa = XCConfigurationList;
			buildConfigurations = (
				6AAC40AD24DF67C200C9B59D /* Debug */,
				6AAC40AE24DF67C200C9B59D /* Release */,
			);
			defaultConfigurationIsVisible = 0;
			defaultConfigurationName = Release;
		};
/* End XCConfigurationList section */
	};
	rootObject = 6AAC409024DF67C200C9B59D /* Project object */;
}
